PODS:
  - AFNetworking (4.0.1):
    - AFNetworking/NSURLSession (= 4.0.1)
    - AFNetworking/Reachability (= 4.0.1)
    - AFNetworking/Security (= 4.0.1)
    - AFNetworking/Serialization (= 4.0.1)
    - AFNetworking/UIKit (= 4.0.1)
  - AFNetworking/NSURLSession (4.0.1):
    - AFNetworking/Reachability
    - AFNetworking/Security
    - AFNetworking/Serialization
  - AFNetworking/Reachability (4.0.1)
  - AFNetworking/Security (4.0.1)
  - AFNetworking/Serialization (4.0.1)
  - AFNetworking/UIKit (4.0.1):
    - AFNetworking/NSURLSession
  - Alamofire (5.6.1)
  - DataCompression (3.6.0)
  - Moya/Combine (15.0.0):
    - Moya/Core
  - Moya/Core (15.0.0):
    - Alamofire (~> 5.0)
  - Moya/RxSwift (15.0.0):
    - Moya/Core
    - RxSwift (~> 6.0)
  - Peek (5.3.0)
  - RxSwift (6.5.0)
  - SVProgressHUD (2.2.5)
  - TLPhotoPicker (2.1.6)
  - XLPagerTabStrip (9.0.0)

DEPENDENCIES:
  - AFNetworking (~> 4.0)
  - DataCompression (from `https://github.com/mw99/DataCompression`)
  - Moya/Combine
  - Moya/RxSwift
  - Peek
  - SVProgressHUD (from `https://github.com/SVProgressHUD/SVProgressHUD`, tag `2.2.5`)
  - TLPhotoPicker (from `https://github.com/tilltue/TLPhotoPicker`, commit `0d0cbbd2d20ed5fd36e5f4052209f5e2d9aaa8b7`)
  - XLPagerTabStrip (from `https://github.com/xmartlabs/XLPagerTabStrip`, branch `master`)

SPEC REPOS:
  trunk:
    - AFNetworking
    - Alamofire
    - Moya
    - Peek
    - RxSwift

EXTERNAL SOURCES:
  DataCompression:
    :git: https://github.com/mw99/DataCompression
  SVProgressHUD:
    :git: https://github.com/SVProgressHUD/SVProgressHUD
    :tag: 2.2.5
  TLPhotoPicker:
    :commit: 0d0cbbd2d20ed5fd36e5f4052209f5e2d9aaa8b7
    :git: https://github.com/tilltue/TLPhotoPicker
  XLPagerTabStrip:
    :branch: master
    :git: https://github.com/xmartlabs/XLPagerTabStrip

CHECKOUT OPTIONS:
  DataCompression:
    :commit: 2c0d48be59acd5bdf1a5352d969d6f24bd7212c9
    :git: https://github.com/mw99/DataCompression
  SVProgressHUD:
    :git: https://github.com/SVProgressHUD/SVProgressHUD
    :tag: 2.2.5
  TLPhotoPicker:
    :commit: 0d0cbbd2d20ed5fd36e5f4052209f5e2d9aaa8b7
    :git: https://github.com/tilltue/TLPhotoPicker
  XLPagerTabStrip:
    :commit: 903b7609b2b2dd1010efb9ee1c6a27edaa9df89b
    :git: https://github.com/xmartlabs/XLPagerTabStrip

SPEC CHECKSUMS:
  AFNetworking: 7864c38297c79aaca1500c33288e429c3451fdce
  Alamofire: 87bd8c952f9a4454320fce00d9cc3de57bcadaf5
  DataCompression: 06628f9c807b6f152e0da37635633f62fc51dc77
  Moya: 138f0573e53411fb3dc17016add0b748dfbd78ee
  Peek: 4209f7aa72d00244616f6b4804739c04cae2e457
  RxSwift: 5710a9e6b17f3c3d6e40d6e559b9fa1e813b2ef8
  SVProgressHUD: 1428aafac632c1f86f62aa4243ec12008d7a51d6
  TLPhotoPicker: 57ad6b54a9cf8c9ec60107be0864d42f3dbe7175
  XLPagerTabStrip: 6af5fe7b41c21f371860df6bac2ddf12818c5103

PODFILE CHECKSUM: 3be7930c466451f51fe2597aada6fdbd7e8817d9

COCOAPODS: 1.11.3
